PODS:
  - PPKitMaple (0.0.4):
    - PPKitMaple/Category (= 0.0.4)
    - PPKitMaple/Core (= 0.0.4)
  - PPKitMaple/Category (0.0.4):
    - PPKitMaple/Core
  - PPKitMaple/Core (0.0.4)

DEPENDENCIES:
  - PPKitMaple (from `../`)

EXTERNAL SOURCES:
  PPKitMaple:
    :path: "../"

SPEC CHECKSUMS:
  PPKitMaple: 905904111ebf114efc2fffac43df0091b9e95eb1

PODFILE CHECKSUM: 451af1ea28029bbeec0e33fbad0597079d8b4efe

COCOAPODS: 1.8.4
