PODS:
  - PPKitMaple (0.0.3):
    - PPKitMaple/Category (= 0.0.3)
    - PPKitMaple/Core (= 0.0.3)
  - PPKitMaple/Category (0.0.3):
    - PPKitMaple/Core
  - PPKitMaple/Core (0.0.3)

DEPENDENCIES:
  - PPKitMaple (from `../`)

EXTERNAL SOURCES:
  PPKitMaple:
    :path: "../"

SPEC CHECKSUMS:
  PPKitMaple: 835676edde2ecd6971d5b722708ac99d87032b70

PODFILE CHECKSUM: 451af1ea28029bbeec0e33fbad0597079d8b4efe

COCOAPODS: 1.8.4
